
Microsoft Visual Studio Solution File, Format Version 12.00
# Visual Studio Version 16
VisualStudioVersion = 16.0.31911.196
MinimumVisualStudioVersion = 10.0.40219.1
Project("{FAE04EC0-301F-11D3-BF4B-00C04F79EFBC}") = "clase29", "clase29.csproj", "{BBD30FD0-814F-4131-8422-1F752FCD879B}"
EndProject
Global
	GlobalSection(SolutionConfigurationPlatforms) = preSolution
		Debug|Any CPU = Debug|Any CPU
		Release|Any CPU = Release|Any CPU
	EndGlobalSection
	GlobalSection(ProjectConfigurationPlatforms) = postSolution
		{BBD30FD0-814F-4131-8422-1F752FCD879B}.Debug|Any CPU.ActiveCfg = Debug|Any CPU
		{BBD30FD0-814F-4131-8422-1F752FCD879B}.Debug|Any CPU.Build.0 = Debug|Any CPU
		{BBD30FD0-814F-4131-8422-1F752FCD879B}.Release|Any CPU.ActiveCfg = Release|Any CPU
		{BBD30FD0-814F-4131-8422-1F752FCD879B}.Release|Any CPU.Build.0 = Release|Any CPU
	EndGlobalSection
	GlobalSection(SolutionProperties) = preSolution
		HideSolutionNode = FALSE
	EndGlobalSection
	GlobalSection(ExtensibilityGlobals) = postSolution
		SolutionGuid = {E2F162D8-38AC-4C0E-BD05-612E8EA6398E}
	EndGlobalSection
EndGlobal
